
Microsoft Visual Studio Solution File, Format Version 12.00
Project("{FAE04EC0-301F-11D3-BF4B-00C04F79EFBC}") = "WebFramework.Host", "WebFramework.Host\WebFramework.Host.csproj", "{EBF3295D-6EB6-4C7C-B106-23B6E0733CC4}"
EndProject
Global
	GlobalSection(SolutionConfigurationPlatforms) = preSolution
		Debug|Any CPU = Debug|Any CPU
		Release|Any CPU = Release|Any CPU
	EndGlobalSection
	GlobalSection(ProjectConfigurationPlatforms) = postSolution
		{EBF3295D-6EB6-4C7C-B106-23B6E0733CC4}.Debug|Any CPU.ActiveCfg = Debug|Any CPU
		{EBF3295D-6EB6-4C7C-B106-23B6E0733CC4}.Debug|Any CPU.Build.0 = Debug|Any CPU
		{EBF3295D-6EB6-4C7C-B106-23B6E0733CC4}.Release|Any CPU.ActiveCfg = Release|Any CPU
		{EBF3295D-6EB6-4C7C-B106-23B6E0733CC4}.Release|Any CPU.Build.0 = Release|Any CPU
	EndGlobalSection
EndGlobal
